
Microsoft Visual Studio Solution File, Format Version 12.00
# Visual Studio Version 16
VisualStudioVersion = 16.0.35130.168
MinimumVisualStudioVersion = 10.0.40219.1
Project("{FAE04EC0-301F-11D3-BF4B-00C04F79EFBC}") = "Actividad07_Arduino", "Actividad07_Arduino\Actividad07_Arduino.csproj", "{7F570D1D-30A4-4824-B9BD-BFBB84BE64BA}"
EndProject
Global
	GlobalSection(SolutionConfigurationPlatforms) = preSolution
		Debug|Any CPU = Debug|Any CPU
		Release|Any CPU = Release|Any CPU
	EndGlobalSection
	GlobalSection(ProjectConfigurationPlatforms) = postSolution
		{7F570D1D-30A4-4824-B9BD-BFBB84BE64BA}.Debug|Any CPU.ActiveCfg = Debug|Any CPU
		{7F570D1D-30A4-4824-B9BD-BFBB84BE64BA}.Debug|Any CPU.Build.0 = Debug|Any CPU
		{7F570D1D-30A4-4824-B9BD-BFBB84BE64BA}.Release|Any CPU.ActiveCfg = Release|Any CPU
		{7F570D1D-30A4-4824-B9BD-BFBB84BE64BA}.Release|Any CPU.Build.0 = Release|Any CPU
	EndGlobalSection
	GlobalSection(SolutionProperties) = preSolution
		HideSolutionNode = FALSE
	EndGlobalSection
	GlobalSection(ExtensibilityGlobals) = postSolution
		SolutionGuid = {266936B7-BED8-4B33-8DF2-97DF00D67305}
	EndGlobalSection
EndGlobal
